// !$*UTF8*$!
{
	archiveVersion = 1;
	classes = {
	};
	objectVersion = 56;
	objects = {

/* Begin PBXBuildFile section */
		67D71FB82B32DB6000B5FCCA /* AppDelegate.swift in Sources */ = {isa = PBXBuildFile; fileRef = 67D71FB72B32DB6000B5FCCA /* AppDelegate.swift */; };
		67D71FBA2B32DB6000B5FCCA /* SceneDelegate.swift in Sources */ = {isa = PBXBuildFile; fileRef = 67D71FB92B32DB6000B5FCCA /* SceneDelegate.swift */; };
		67D71FBC2B32DB6000B5FCCA /* ViewController.swift in Sources */ = {isa = PBXBuildFile; fileRef = 67D71FBB2B32DB6000B5FCCA /* ViewController.swift */; };
		67D71FBF2B32DB6000B5FCCA /* Main.storyboard in Resources */ = {isa = PBXBuildFile; fileRef = 67D71FBD2B32DB6000B5FCCA /* Main.storyboard */; };
		67D71FC12B32DB6100B5FCCA /* Assets.xcassets in Resources */ = {isa = PBXBuildFile; fileRef = 67D71FC02B32DB6100B5FCCA /* Assets.xcassets */; };
		67D71FC42B32DB6100B5FCCA /* LaunchScreen.storyboard in Resources */ = {isa = PBXBuildFile; fileRef = 67D71FC22B32DB6100B5FCCA /* LaunchScreen.storyboard */; };
		67D71FCF2B32DB6100B5FCCA /* SwiftPackageManagerDemoTests.swift in Sources */ = {isa = PBXBuildFile; fileRef = 67D71FCE2B32DB6100B5FCCA /* SwiftPackageManagerDemoTests.swift */; };
		67D71FD92B32DB6100B5FCCA /* SwiftPackageManagerDemoUITests.swift in Sources */ = {isa = PBXBuildFile; fileRef = 67D71FD82B32DB6100B5FCCA /* SwiftPackageManagerDemoUITests.swift */; };
		67D71FDB2B32DB6100B5FCCA /* SwiftPackageManagerDemoUITestsLaunchTests.swift in Sources */ = {isa = PBXBuildFile; fileRef = 67D71FDA2B32DB6100B5FCCA /* SwiftPackageManagerDemoUITestsLaunchTests.swift */; };
/* End PBXBuildFile section */

/* Begin PBXContainerItemProxy section */
		67D71FCB2B32DB6100B5FCCA /* PBXContainerItemProxy */ = {
			isa = PBXContainerItemProxy;
			containerPortal = 67D71FAC2B32DB6000B5FCCA /* Project object */;
			proxyType = 1;
			remoteGlobalIDString = 67D71FB32B32DB6000B5FCCA;
			remoteInfo = SwiftPackageManagerDemo;
		};
		67D71FD52B32DB6100B5FCCA /* PBXContainerItemProxy */ = {
			isa = PBXContainerItemProxy;
			containerPortal = 67D71FAC2B32DB6000B5FCCA /* Project object */;
			proxyType = 1;
			remoteGlobalIDString = 67D71FB32B32DB6000B5FCCA;
			remoteInfo = SwiftPackageManagerDemo;
		};
/* End PBXContainerItemProxy section */

/* Begin PBXFileReference section */
		67D71FB42B32DB6000B5FCCA /* SwiftPackageManagerDemo.app */ = {isa = PBXFileReference; explicitFileType = wrapper.application; includeInIndex = 0; path = SwiftPackageManagerDemo.app; sourceTree = BUILT_PRODUCTS_DIR; };
		67D71FB72B32DB6000B5FCCA /* AppDelegate.swift */ = {isa = PBXFileReference; lastKnownFileType = sourcecode.swift; path = AppDelegate.swift; sourceTree = "<group>"; };
		67D71FB92B32DB6000B5FCCA /* SceneDelegate.swift */ = {isa = PBXFileReference; lastKnownFileType = sourcecode.swift; path = SceneDelegate.swift; sourceTree = "<group>"; };
		67D71FBB2B32DB6000B5FCCA /* ViewController.swift */ = {isa = PBXFileReference; lastKnownFileType = sourcecode.swift; path = ViewController.swift; sourceTree = "<group>"; };
		67D71FBE2B32DB6000B5FCCA /* Base */ = {isa = PBXFileReference; lastKnownFileType = file.storyboard; name = Base; path = Base.lproj/Main.storyboard; sourceTree = "<group>"; };
		67D71FC02B32DB6100B5FCCA /* Assets.xcassets */ = {isa = PBXFileReference; lastKnownFileType = folder.assetcatalog; path = Assets.xcassets; sourceTree = "<group>"; };
		67D71FC32B32DB6100B5FCCA /* Base */ = {isa = PBXFileReference; lastKnownFileType = file.storyboard; name = Base; path = Base.lproj/LaunchScreen.storyboard; sourceTree = "<group>"; };
		67D71FC52B32DB6100B5FCCA /* Info.plist */ = {isa = PBXFileReference; lastKnownFileType = text.plist.xml; path = Info.plist; sourceTree = "<group>"; };
		67D71FCA2B32DB6100B5FCCA /* SwiftPackageManagerDemoTests.xctest */ = {isa = PBXFileReference; explicitFileType = wrapper.cfbundle; includeInIndex = 0; path = SwiftPackageManagerDemoTests.xctest; sourceTree = BUILT_PRODUCTS_DIR; };
		67D71FCE2B32DB6100B5FCCA /* SwiftPackageManagerDemoTests.swift */ = {isa = PBXFileReference; lastKnownFileType = sourcecode.swift; path = SwiftPackageManagerDemoTests.swift; sourceTree = "<group>"; };
		67D71FD42B32DB6100B5FCCA /* SwiftPackageManagerDemoUITests.xctest */ = {isa = PBXFileReference; explicitFileType = wrapper.cfbundle; includeInIndex = 0; path = SwiftPackageManagerDemoUITests.xctest; sourceTree = BUILT_PRODUCTS_DIR; };
		67D71FD82B32DB6100B5FCCA /* SwiftPackageManagerDemoUITests.swift */ = {isa = PBXFileReference; lastKnownFileType = sourcecode.swift; path = SwiftPackageManagerDemoUITests.swift; sourceTree = "<group>"; };
		67D71FDA2B32DB6100B5FCCA /* SwiftPackageManagerDemoUITestsLaunchTests.swift */ = {isa = PBXFileReference; lastKnownFileType = sourcecode.swift; path = SwiftPackageManagerDemoUITestsLaunchTests.swift; sourceTree = "<group>"; };
/* End PBXFileReference section */

/* Begin PBXFrameworksBuildPhase section */
		67D71FB12B32DB6000B5FCCA /* Frameworks */ = {
			isa = PBXFrameworksBuildPhase;
			buildActionMask = 2147483647;
			files = (
			);
			runOnlyForDeploymentPostprocessing = 0;
		};
		67D71FC72B32DB6100B5FCCA /* Frameworks */ = {
			isa = PBXFrameworksBuildPhase;
			buildActionMask = 2147483647;
			files = (
			);
			runOnlyForDeploymentPostprocessing = 0;
		};
		67D71FD12B32DB6100B5FCCA /* Frameworks */ = {
			isa = PBXFrameworksBuildPhase;
			buildActionMask = 2147483647;
			files = (
			);
			runOnlyForDeploymentPostprocessing = 0;
		};
/* End PBXFrameworksBuildPhase section */

/* Begin PBXGroup section */
		67D71FAB2B32DB6000B5FCCA = {
			isa = PBXGroup;
			children = (
				67D71FB62B32DB6000B5FCCA /* SwiftPackageManagerDemo */,
				67D71FCD2B32DB6100B5FCCA /* SwiftPackageManagerDemoTests */,
				67D71FD72B32DB6100B5FCCA /* SwiftPackageManagerDemoUITests */,
				67D71FB52B32DB6000B5FCCA /* Products */,
			);
			sourceTree = "<group>";
		};
		67D71FB52B32DB6000B5FCCA /* Products */ = {
			isa = PBXGroup;
			children = (
				67D71FB42B32DB6000B5FCCA /* SwiftPackageManagerDemo.app */,
				67D71FCA2B32DB6100B5FCCA /* SwiftPackageManagerDemoTests.xctest */,
				67D71FD42B32DB6100B5FCCA /* SwiftPackageManagerDemoUITests.xctest */,
			);
			name = Products;
			sourceTree = "<group>";
		};
		67D71FB62B32DB6000B5FCCA /* SwiftPackageManagerDemo */ = {
			isa = PBXGroup;
			children = (
				67D71FB72B32DB6000B5FCCA /* AppDelegate.swift */,
				67D71FB92B32DB6000B5FCCA /* SceneDelegate.swift */,
				67D71FBB2B32DB6000B5FCCA /* ViewController.swift */,
				67D71FBD2B32DB6000B5FCCA /* Main.storyboard */,
				67D71FC02B32DB6100B5FCCA /* Assets.xcassets */,
				67D71FC22B32DB6100B5FCCA /* LaunchScreen.storyboard */,
				67D71FC52B32DB6100B5FCCA /* Info.plist */,
			);
			path = SwiftPackageManagerDemo;
			sourceTree = "<group>";
		};
		67D71FCD2B32DB6100B5FCCA /* SwiftPackageManagerDemoTests */ = {
			isa = PBXGroup;
			children = (
				67D71FCE2B32DB6100B5FCCA /* SwiftPackageManagerDemoTests.swift */,
			);
			path = SwiftPackageManagerDemoTests;
			sourceTree = "<group>";
		};
		67D71FD72B32DB6100B5FCCA /* SwiftPackageManagerDemoUITests */ = {
			isa = PBXGroup;
			children = (
				67D71FD82B32DB6100B5FCCA /* SwiftPackageManagerDemoUITests.swift */,
				67D71FDA2B32DB6100B5FCCA /* SwiftPackageManagerDemoUITestsLaunchTests.swift */,
			);
			path = SwiftPackageManagerDemoUITests;
			sourceTree = "<group>";
		};
/* End PBXGroup section */

/* Begin PBXNativeTarget section */
		67D71FB32B32DB6000B5FCCA /* SwiftPackageManagerDemo */ = {
			isa = PBXNativeTarget;
			buildConfigurationList = 67D71FDE2B32DB6100B5FCCA /* Build configuration list for PBXNativeTarget "SwiftPackageManagerDemo" */;
			buildPhases = (
				67D71FB02B32DB6000B5FCCA /* Sources */,
				67D71FB12B32DB6000B5FCCA /* Frameworks */,
				67D71FB22B32DB6000B5FCCA /* Resources */,
			);
			buildRules = (
			);
			dependencies = (
			);
			name = SwiftPackageManagerDemo;
			productName = SwiftPackageManagerDemo;
			productReference = 67D71FB42B32DB6000B5FCCA /* SwiftPackageManagerDemo.app */;
			productType = "com.apple.product-type.application";
		};
		67D71FC92B32DB6100B5FCCA /* SwiftPackageManagerDemoTests */ = {
			isa = PBXNativeTarget;
			buildConfigurationList = 67D71FE12B32DB6100B5FCCA /* Build configuration list for PBXNativeTarget "SwiftPackageManagerDemoTests" */;
			buildPhases = (
				67D71FC62B32DB6100B5FCCA /* Sources */,
				67D71FC72B32DB6100B5FCCA /* Frameworks */,
				67D71FC82B32DB6100B5FCCA /* Resources */,
			);
			buildRules = (
			);
			dependencies = (
				67D71FCC2B32DB6100B5FCCA /* PBXTargetDependency */,
			);
			name = SwiftPackageManagerDemoTests;
			productName = SwiftPackageManagerDemoTests;
			productReference = 67D71FCA2B32DB6100B5FCCA /* SwiftPackageManagerDemoTests.xctest */;
			productType = "com.apple.product-type.bundle.unit-test";
		};
		67D71FD32B32DB6100B5FCCA /* SwiftPackageManagerDemoUITests */ = {
			isa = PBXNativeTarget;
			buildConfigurationList = 67D71FE42B32DB6100B5FCCA /* Build configuration list for PBXNativeTarget "SwiftPackageManagerDemoUITests" */;
			buildPhases = (
				67D71FD02B32DB6100B5FCCA /* Sources */,
				67D71FD12B32DB6100B5FCCA /* Frameworks */,
				67D71FD22B32DB6100B5FCCA /* Resources */,
			);
			buildRules = (
			);
			dependencies = (
				67D71FD62B32DB6100B5FCCA /* PBXTargetDependency */,
			);
			name = SwiftPackageManagerDemoUITests;
			productName = SwiftPackageManagerDemoUITests;
			productReference = 67D71FD42B32DB6100B5FCCA /* SwiftPackageManagerDemoUITests.xctest */;
			productType = "com.apple.product-type.bundle.ui-testing";
		};
/* End PBXNativeTarget section */

/* Begin PBXProject section */
		67D71FAC2B32DB6000B5FCCA /* Project object */ = {
			isa = PBXProject;
			attributes = {
				BuildIndependentTargetsInParallel = 1;
				LastSwiftUpdateCheck = 1500;
				LastUpgradeCheck = 1500;
				TargetAttributes = {
					67D71FB32B32DB6000B5FCCA = {
						CreatedOnToolsVersion = 15.0;
					};
					67D71FC92B32DB6100B5FCCA = {
						CreatedOnToolsVersion = 15.0;
						TestTargetID = 67D71FB32B32DB6000B5FCCA;
					};
					67D71FD32B32DB6100B5FCCA = {
						CreatedOnToolsVersion = 15.0;
						TestTargetID = 67D71FB32B32DB6000B5FCCA;
					};
				};
			};
			buildConfigurationList = 67D71FAF2B32DB6000B5FCCA /* Build configuration list for PBXProject "SwiftPackageManagerDemo" */;
			compatibilityVersion = "Xcode 14.0";
			developmentRegion = en;
			hasScannedForEncodings = 0;
			knownRegions = (
				en,
				Base,
			);
			mainGroup = 67D71FAB2B32DB6000B5FCCA;
			productRefGroup = 67D71FB52B32DB6000B5FCCA /* Products */;
			projectDirPath = "";
			projectRoot = "";
			targets = (
				67D71FB32B32DB6000B5FCCA /* SwiftPackageManagerDemo */,
				67D71FC92B32DB6100B5FCCA /* SwiftPackageManagerDemoTests */,
				67D71FD32B32DB6100B5FCCA /* SwiftPackageManagerDemoUITests */,
			);
		};
/* End PBXProject section */

/* Begin PBXResourcesBuildPhase section */
		67D71FB22B32DB6000B5FCCA /* Resources */ = {
			isa = PBXResourcesBuildPhase;
			buildActionMask = 2147483647;
			files = (
				67D71FC42B32DB6100B5FCCA /* LaunchScreen.storyboard in Resources */,
				67D71FC12B32DB6100B5FCCA /* Assets.xcassets in Resources */,
				67D71FBF2B32DB6000B5FCCA /* Main.storyboard in Resources */,
			);
			runOnlyForDeploymentPostprocessing = 0;
		};
		67D71FC82B32DB6100B5FCCA /* Resources */ = {
			isa = PBXResourcesBuildPhase;
			buildActionMask = 2147483647;
			files = (
			);
			runOnlyForDeploymentPostprocessing = 0;
		};
		67D71FD22B32DB6100B5FCCA /* Resources */ = {
			isa = PBXResourcesBuildPhase;
			buildActionMask = 2147483647;
			files = (
			);
			runOnlyForDeploymentPostprocessing = 0;
		};
/* End PBXResourcesBuildPhase section */

/* Begin PBXSourcesBuildPhase section */
		67D71FB02B32DB6000B5FCCA /* Sources */ = {
			isa = PBXSourcesBuildPhase;
			buildActionMask = 2147483647;
			files = (
				67D71FBC2B32DB6000B5FCCA /* ViewController.swift in Sources */,
				67D71FB82B32DB6000B5FCCA /* AppDelegate.swift in Sources */,
				67D71FBA2B32DB6000B5FCCA /* SceneDelegate.swift in Sources */,
			);
			runOnlyForDeploymentPostprocessing = 0;
		};
		67D71FC62B32DB6100B5FCCA /* Sources */ = {
			isa = PBXSourcesBuildPhase;
			buildActionMask = 2147483647;
			files = (
				67D71FCF2B32DB6100B5FCCA /* SwiftPackageManagerDemoTests.swift in Sources */,
			);
			runOnlyForDeploymentPostprocessing = 0;
		};
		67D71FD02B32DB6100B5FCCA /* Sources */ = {
			isa = PBXSourcesBuildPhase;
			buildActionMask = 2147483647;
			files = (
				67D71FDB2B32DB6100B5FCCA /* SwiftPackageManagerDemoUITestsLaunchTests.swift in Sources */,
				67D71FD92B32DB6100B5FCCA /* SwiftPackageManagerDemoUITests.swift in Sources */,
			);
			runOnlyForDeploymentPostprocessing = 0;
		};
/* End PBXSourcesBuildPhase section */

/* Begin PBXTargetDependency section */
		67D71FCC2B32DB6100B5FCCA /* PBXTargetDependency */ = {
			isa = PBXTargetDependency;
			target = 67D71FB32B32DB6000B5FCCA /* SwiftPackageManagerDemo */;
			targetProxy = 67D71FCB2B32DB6100B5FCCA /* PBXContainerItemProxy */;
		};
		67D71FD62B32DB6100B5FCCA /* PBXTargetDependency */ = {
			isa = PBXTargetDependency;
			target = 67D71FB32B32DB6000B5FCCA /* SwiftPackageManagerDemo */;
			targetProxy = 67D71FD52B32DB6100B5FCCA /* PBXContainerItemProxy */;
		};
/* End PBXTargetDependency section */

/* Begin PBXVariantGroup section */
		67D71FBD2B32DB6000B5FCCA /* Main.storyboard */ = {
			isa = PBXVariantGroup;
			children = (
				67D71FBE2B32DB6000B5FCCA /* Base */,
			);
			name = Main.storyboard;
			sourceTree = "<group>";
		};
		67D71FC22B32DB6100B5FCCA /* LaunchScreen.storyboard */ = {
			isa = PBXVariantGroup;
			children = (
				67D71FC32B32DB6100B5FCCA /* Base */,
			);
			name = LaunchScreen.storyboard;
			sourceTree = "<group>";
		};
/* End PBXVariantGroup section */

/* Begin XCBuildConfiguration section */
		67D71FDC2B32DB6100B5FCCA /* Debug */ = {
			isa = XCBuildConfiguration;
			buildSettings = {
				ALWAYS_SEARCH_USER_PATHS = NO;
				ASSETCATALOG_COMPILER_GENERATE_SWIFT_ASSET_SYMBOL_EXTENSIONS = YES;
				CLANG_ANALYZER_NONNULL = YES;
				CLANG_ANALYZER_NUMBER_OBJECT_CONVERSION = YES_AGGRESSIVE;
				CLANG_CXX_LANGUAGE_STANDARD = "gnu++20";
				CLANG_ENABLE_MODULES = YES;
				CLANG_ENABLE_OBJC_ARC = YES;
				CLANG_ENABLE_OBJC_WEAK = YES;
				CLANG_WARN_BLOCK_CAPTURE_AUTORELEASING = YES;
				CLANG_WARN_BOOL_CONVERSION = YES;
				CLANG_WARN_COMMA = YES;
				CLANG_WARN_CONSTANT_CONVERSION = YES;
				CLANG_WARN_DEPRECATED_OBJC_IMPLEMENTATIONS = YES;
				CLANG_WARN_DIRECT_OBJC_ISA_USAGE = YES_ERROR;
				CLANG_WARN_DOCUMENTATION_COMMENTS = YES;
				CLANG_WARN_EMPTY_BODY = YES;
				CLANG_WARN_ENUM_CONVERSION = YES;
				CLANG_WARN_INFINITE_RECURSION = YES;
				CLANG_WARN_INT_CONVERSION = YES;
				CLANG_WARN_NON_LITERAL_NULL_CONVERSION = YES;
				CLANG_WARN_OBJC_IMPLICIT_RETAIN_SELF = YES;
				CLANG_WARN_OBJC_LITERAL_CONVERSION = YES;
				CLANG_WARN_OBJC_ROOT_CLASS = YES_ERROR;
				CLANG_WARN_QUOTED_INCLUDE_IN_FRAMEWORK_HEADER = YES;
				CLANG_WARN_RANGE_LOOP_ANALYSIS = YES;
				CLANG_WARN_STRICT_PROTOTYPES = YES;
				CLANG_WARN_SUSPICIOUS_MOVE = YES;
				CLANG_WARN_UNGUARDED_AVAILABILITY = YES_AGGRESSIVE;
				CLANG_WARN_UNREACHABLE_CODE = YES;
				CLANG_WARN__DUPLICATE_METHOD_MATCH = YES;
				COPY_PHASE_STRIP = NO;
				DEBUG_INFORMATION_FORMAT = dwarf;
				ENABLE_STRICT_OBJC_MSGSEND = YES;
				ENABLE_TESTABILITY = YES;
				ENABLE_USER_SCRIPT_SANDBOXING = YES;
				GCC_C_LANGUAGE_STANDARD = gnu17;
				GCC_DYNAMIC_NO_PIC = NO;
				GCC_NO_COMMON_BLOCKS = YES;
				GCC_OPTIMIZATION_LEVEL = 0;
				GCC_PREPROCESSOR_DEFINITIONS = (
					"DEBUG=1",
					"$(inherited)",
				);
				GCC_WARN_64_TO_32_BIT_CONVERSION = YES;
				GCC_WARN_ABOUT_RETURN_TYPE = YES_ERROR;
				GCC_WARN_UNDECLARED_SELECTOR = YES;
				GCC_WARN_UNINITIALIZED_AUTOS = YES_AGGRESSIVE;
				GCC_WARN_UNUSED_FUNCTION = YES;
				GCC_WARN_UNUSED_VARIABLE = YES;
				IPHONEOS_DEPLOYMENT_TARGET = 17.0;
				LOCALIZATION_PREFERS_STRING_CATALOGS = YES;
				MTL_ENABLE_DEBUG_INFO = INCLUDE_SOURCE;
				MTL_FAST_MATH = YES;
				ONLY_ACTIVE_ARCH = YES;
				SDKROOT = iphoneos;
				SWIFT_ACTIVE_COMPILATION_CONDITIONS = "DEBUG $(inherited)";
				SWIFT_OPTIMIZATION_LEVEL = "-Onone";
			};
			name = Debug;
		};
		67D71FDD2B32DB6100B5FCCA /* Release */ = {
			isa = XCBuildConfiguration;
			buildSettings = {
				ALWAYS_SEARCH_USER_PATHS = NO;
				ASSETCATALOG_COMPILER_GENERATE_SWIFT_ASSET_SYMBOL_EXTENSIONS = YES;
				CLANG_ANALYZER_NONNULL = YES;
				CLANG_ANALYZER_NUMBER_OBJECT_CONVERSION = YES_AGGRESSIVE;
				CLANG_CXX_LANGUAGE_STANDARD = "gnu++20";
				CLANG_ENABLE_MODULES = YES;
				CLANG_ENABLE_OBJC_ARC = YES;
				CLANG_ENABLE_OBJC_WEAK = YES;
				CLANG_WARN_BLOCK_CAPTURE_AUTORELEASING = YES;
				CLANG_WARN_BOOL_CONVERSION = YES;
				CLANG_WARN_COMMA = YES;
				CLANG_WARN_CONSTANT_CONVERSION = YES;
				CLANG_WARN_DEPRECATED_OBJC_IMPLEMENTATIONS = YES;
				CLANG_WARN_DIRECT_OBJC_ISA_USAGE = YES_ERROR;
				CLANG_WARN_DOCUMENTATION_COMMENTS = YES;
				CLANG_WARN_EMPTY_BODY = YES;
				CLANG_WARN_ENUM_CONVERSION = YES;
				CLANG_WARN_INFINITE_RECURSION = YES;
				CLANG_WARN_INT_CONVERSION = YES;
				CLANG_WARN_NON_LITERAL_NULL_CONVERSION = YES;
				CLANG_WARN_OBJC_IMPLICIT_RETAIN_SELF = YES;
				CLANG_WARN_OBJC_LITERAL_CONVERSION = YES;
				CLANG_WARN_OBJC_ROOT_CLASS = YES_ERROR;
				CLANG_WARN_QUOTED_INCLUDE_IN_FRAMEWORK_HEADER = YES;
				CLANG_WARN_RANGE_LOOP_ANALYSIS = YES;
				CLANG_WARN_STRICT_PROTOTYPES = YES;
				CLANG_WARN_SUSPICIOUS_MOVE = YES;
				CLANG_WARN_UNGUARDED_AVAILABILITY = YES_AGGRESSIVE;
				CLANG_WARN_UNREACHABLE_CODE = YES;
				CLANG_WARN__DUPLICATE_METHOD_MATCH = YES;
				COPY_PHASE_STRIP = NO;
				DEBUG_INFORMATION_FORMAT = "dwarf-with-dsym";
				ENABLE_NS_ASSERTIONS = NO;
				ENABLE_STRICT_OBJC_MSGSEND = YES;
				ENABLE_USER_SCRIPT_SANDBOXING = YES;
				GCC_C_LANGUAGE_STANDARD = gnu17;
				GCC_NO_COMMON_BLOCKS = YES;
				GCC_WARN_64_TO_32_BIT_CONVERSION = YES;
				GCC_WARN_ABOUT_RETURN_TYPE = YES_ERROR;
				GCC_WARN_UNDECLARED_SELECTOR = YES;
				GCC_WARN_UNINITIALIZED_AUTOS = YES_AGGRESSIVE;
				GCC_WARN_UNUSED_FUNCTION = YES;
				GCC_WARN_UNUSED_VARIABLE = YES;
				IPHONEOS_DEPLOYMENT_TARGET = 17.0;
				LOCALIZATION_PREFERS_STRING_CATALOGS = YES;
				MTL_ENABLE_DEBUG_INFO = NO;
				MTL_FAST_MATH = YES;
				SDKROOT = iphoneos;
				SWIFT_COMPILATION_MODE = wholemodule;
				VALIDATE_PRODUCT = YES;
			};
			name = Release;
		};
		67D71FDF2B32DB6100B5FCCA /* Debug */ = {
			isa = XCBuildConfiguration;
			buildSettings = {
				ASSETCATALOG_COMPILER_APPICON_NAME = AppIcon;
				ASSETCATALOG_COMPILER_GLOBAL_ACCENT_COLOR_NAME = AccentColor;
				CODE_SIGN_STYLE = Automatic;
				CURRENT_PROJECT_VERSION = 1;
				DEVELOPMENT_TEAM = 5957UHEQ5V;
				GENERATE_INFOPLIST_FILE = YES;
				INFOPLIST_FILE = SwiftPackageManagerDemo/Info.plist;
				INFOPLIST_KEY_UIApplicationSupportsIndirectInputEvents = YES;
				INFOPLIST_KEY_UILaunchStoryboardName = LaunchScreen;
				INFOPLIST_KEY_UIMainStoryboardFile = Main;
				INFOPLIST_KEY_UISupportedInterfaceOrientations_iPad = "UIInterfaceOrientationPortrait UIInterfaceOrientationPortraitUpsideDown UIInterfaceOrientationLandscapeLeft UIInterfaceOrientationLandscapeRight";
				INFOPLIST_KEY_UISupportedInterfaceOrientations_iPhone = "UIInterfaceOrientationPortrait UIInterfaceOrientationLandscapeLeft UIInterfaceOrientationLandscapeRight";
				LD_RUNPATH_SEARCH_PATHS = (
					"$(inherited)",
					"@executable_path/Frameworks",
				);
				MARKETING_VERSION = 1.0;
				PRODUCT_BUNDLE_IDENTIFIER = jp.arimura.SwiftPackageManagerDemo;
				PRODUCT_NAME = "$(TARGET_NAME)";
				SWIFT_EMIT_LOC_STRINGS = YES;
				SWIFT_VERSION = 5.0;
				TARGETED_DEVICE_FAMILY = "1,2";
			};
			name = Debug;
		};
		67D71FE02B32DB6100B5FCCA /* Release */ = {
			isa = XCBuildConfiguration;
			buildSettings = {
				ASSETCATALOG_COMPILER_APPICON_NAME = AppIcon;
				ASSETCATALOG_COMPILER_GLOBAL_ACCENT_COLOR_NAME = AccentColor;
				CODE_SIGN_STYLE = Automatic;
				CURRENT_PROJECT_VERSION = 1;
				DEVELOPMENT_TEAM = 5957UHEQ5V;
				GENERATE_INFOPLIST_FILE = YES;
				INFOPLIST_FILE = SwiftPackageManagerDemo/Info.plist;
				INFOPLIST_KEY_UIApplicationSupportsIndirectInputEvents = YES;
				INFOPLIST_KEY_UILaunchStoryboardName = LaunchScreen;
				INFOPLIST_KEY_UIMainStoryboardFile = Main;
				INFOPLIST_KEY_UISupportedInterfaceOrientations_iPad = "UIInterfaceOrientationPortrait UIInterfaceOrientationPortraitUpsideDown UIInterfaceOrientationLandscapeLeft UIInterfaceOrientationLandscapeRight";
				INFOPLIST_KEY_UISupportedInterfaceOrientations_iPhone = "UIInterfaceOrientationPortrait UIInterfaceOrientationLandscapeLeft UIInterfaceOrientationLandscapeRight";
				LD_RUNPATH_SEARCH_PATHS = (
					"$(inherited)",
					"@executable_path/Frameworks",
				);
				MARKETING_VERSION = 1.0;
				PRODUCT_BUNDLE_IDENTIFIER = jp.arimura.SwiftPackageManagerDemo;
				PRODUCT_NAME = "$(TARGET_NAME)";
				SWIFT_EMIT_LOC_STRINGS = YES;
				SWIFT_VERSION = 5.0;
				TARGETED_DEVICE_FAMILY = "1,2";
			};
			name = Release;
		};
		67D71FE22B32DB6100B5FCCA /* Debug */ = {
			isa = XCBuildConfiguration;
			buildSettings = {
				ALWAYS_EMBED_SWIFT_STANDARD_LIBRARIES = YES;
				BUNDLE_LOADER = "$(TEST_HOST)";
				CODE_SIGN_STYLE = Automatic;
				CURRENT_PROJECT_VERSION = 1;
				DEVELOPMENT_TEAM = 5957UHEQ5V;
				GENERATE_INFOPLIST_FILE = YES;
				IPHONEOS_DEPLOYMENT_TARGET = 17.0;
				MARKETING_VERSION = 1.0;
				PRODUCT_BUNDLE_IDENTIFIER = jp.arimura.SwiftPackageManagerDemoTests;
				PRODUCT_NAME = "$(TARGET_NAME)";
				SWIFT_EMIT_LOC_STRINGS = NO;
				SWIFT_VERSION = 5.0;
				TARGETED_DEVICE_FAMILY = "1,2";
				TEST_HOST = "$(BUILT_PRODUCTS_DIR)/SwiftPackageManagerDemo.app/$(BUNDLE_EXECUTABLE_FOLDER_PATH)/SwiftPackageManagerDemo";
			};
			name = Debug;
		};
		67D71FE32B32DB6100B5FCCA /* Release */ = {
			isa = XCBuildConfiguration;
			buildSettings = {
				ALWAYS_EMBED_SWIFT_STANDARD_LIBRARIES = YES;
				BUNDLE_LOADER = "$(TEST_HOST)";
				CODE_SIGN_STYLE = Automatic;
				CURRENT_PROJECT_VERSION = 1;
				DEVELOPMENT_TEAM = 5957UHEQ5V;
				GENERATE_INFOPLIST_FILE = YES;
				IPHONEOS_DEPLOYMENT_TARGET = 17.0;
				MARKETING_VERSION = 1.0;
				PRODUCT_BUNDLE_IDENTIFIER = jp.arimura.SwiftPackageManagerDemoTests;
				PRODUCT_NAME = "$(TARGET_NAME)";
				SWIFT_EMIT_LOC_STRINGS = NO;
				SWIFT_VERSION = 5.0;
				TARGETED_DEVICE_FAMILY = "1,2";
				TEST_HOST = "$(BUILT_PRODUCTS_DIR)/SwiftPackageManagerDemo.app/$(BUNDLE_EXECUTABLE_FOLDER_PATH)/SwiftPackageManagerDemo";
			};
			name = Release;
		};
		67D71FE52B32DB6100B5FCCA /* Debug */ = {
			isa = XCBuildConfiguration;
			buildSettings = {
				ALWAYS_EMBED_SWIFT_STANDARD_LIBRARIES = YES;
				CODE_SIGN_STYLE = Automatic;
				CURRENT_PROJECT_VERSION = 1;
				DEVELOPMENT_TEAM = 5957UHEQ5V;
				GENERATE_INFOPLIST_FILE = YES;
				MARKETING_VERSION = 1.0;
				PRODUCT_BUNDLE_IDENTIFIER = jp.arimura.SwiftPackageManagerDemoUITests;
				PRODUCT_NAME = "$(TARGET_NAME)";
				SWIFT_EMIT_LOC_STRINGS = NO;
				SWIFT_VERSION = 5.0;
				TARGETED_DEVICE_FAMILY = "1,2";
				TEST_TARGET_NAME = SwiftPackageManagerDemo;
			};
			name = Debug;
		};
		67D71FE62B32DB6100B5FCCA /* Release */ = {
			isa = XCBuildConfiguration;
			buildSettings = {
				ALWAYS_EMBED_SWIFT_STANDARD_LIBRARIES = YES;
				CODE_SIGN_STYLE = Automatic;
				CURRENT_PROJECT_VERSION = 1;
				DEVELOPMENT_TEAM = 5957UHEQ5V;
				GENERATE_INFOPLIST_FILE = YES;
				MARKETING_VERSION = 1.0;
				PRODUCT_BUNDLE_IDENTIFIER = jp.arimura.SwiftPackageManagerDemoUITests;
				PRODUCT_NAME = "$(TARGET_NAME)";
				SWIFT_EMIT_LOC_STRINGS = NO;
				SWIFT_VERSION = 5.0;
				TARGETED_DEVICE_FAMILY = "1,2";
				TEST_TARGET_NAME = SwiftPackageManagerDemo;
			};
			name = Release;
		};
/* End XCBuildConfiguration section */

/* Begin XCConfigurationList section */
		67D71FAF2B32DB6000B5FCCA /* Build configuration list for PBXProject "SwiftPackageManagerDemo" */ = {
			isa = XCConfigurationList;
			buildConfigurations = (
				67D71FDC2B32DB6100B5FCCA /* Debug */,
				67D71FDD2B32DB6100B5FCCA /* Release */,
			);
			defaultConfigurationIsVisible = 0;
			defaultConfigurationName = Release;
		};
		67D71FDE2B32DB6100B5FCCA /* Build configuration list for PBXNativeTarget "SwiftPackageManagerDemo" */ = {
			isa = XCConfigurationList;
			buildConfigurations = (
				67D71FDF2B32DB6100B5FCCA /* Debug */,
				67D71FE02B32DB6100B5FCCA /* Release */,
			);
			defaultConfigurationIsVisible = 0;
			defaultConfigurationName = Release;
		};
		67D71FE12B32DB6100B5FCCA /* Build configuration list for PBXNativeTarget "SwiftPackageManagerDemoTests" */ = {
			isa = XCConfigurationList;
			buildConfigurations = (
				67D71FE22B32DB6100B5FCCA /* Debug */,
				67D71FE32B32DB6100B5FCCA /* Release */,
			);
			defaultConfigurationIsVisible = 0;
			defaultConfigurationName = Release;
		};
		67D71FE42B32DB6100B5FCCA /* Build configuration list for PBXNativeTarget "SwiftPackageManagerDemoUITests" */ = {
			isa = XCConfigurationList;
			buildConfigurations = (
				67D71FE52B32DB6100B5FCCA /* Debug */,
				67D71FE62B32DB6100B5FCCA /* Release */,
			);
			defaultConfigurationIsVisible = 0;
			defaultConfigurationName = Release;
		};
/* End XCConfigurationList section */
	};
	rootObject = 67D71FAC2B32DB6000B5FCCA /* Project object */;
}
